
Microsoft Visual Studio Solution File, Format Version 12.00
# Visual Studio Version 17
VisualStudioVersion = 17.2.32630.192
MinimumVisualStudioVersion = 10.0.40219.1
Project("{FAE04EC0-301F-11D3-BF4B-00C04F79EFBC}") = "SEDC.WebAPI.Class02.Api", "SEDC.WebAPI.Class02.Api\SEDC.WebAPI.Class02.Api.csproj", "{3A9B048E-1CA4-4696-B488-DA6858EB6F39}"
EndProject
Global
	GlobalSection(SolutionConfigurationPlatforms) = preSolution
		Debug|Any CPU = Debug|Any CPU
		Release|Any CPU = Release|Any CPU
	EndGlobalSection
	GlobalSection(ProjectConfigurationPlatforms) = postSolution
		{3A9B048E-1CA4-4696-B488-DA6858EB6F39}.Debug|Any CPU.ActiveCfg = Debug|Any CPU
		{3A9B048E-1CA4-4696-B488-DA6858EB6F39}.Debug|Any CPU.Build.0 = Debug|Any CPU
		{3A9B048E-1CA4-4696-B488-DA6858EB6F39}.Release|Any CPU.ActiveCfg = Release|Any CPU
		{3A9B048E-1CA4-4696-B488-DA6858EB6F39}.Release|Any CPU.Build.0 = Release|Any CPU
	EndGlobalSection
	GlobalSection(SolutionProperties) = preSolution
		HideSolutionNode = FALSE
	EndGlobalSection
	GlobalSection(ExtensibilityGlobals) = postSolution
		SolutionGuid = {045B77AA-237C-4B13-A8E7-35B7B748FE4B}
	EndGlobalSection
EndGlobal
