
Microsoft Visual Studio Solution File, Format Version 12.00
# Visual Studio Version 17
VisualStudioVersion = 17.3.32811.315
MinimumVisualStudioVersion = 10.0.40219.1
Project("{FAE04EC0-301F-11D3-BF4B-00C04F79EFBC}") = "SEDC.WebApi.Class08.AdoNET", "SEDC.WebApi.Class08.AdoNET\SEDC.WebApi.Class08.AdoNET.csproj", "{82AC2F87-57C1-40A9-8D2A-EE5039A296DA}"
EndProject
Global
	GlobalSection(SolutionConfigurationPlatforms) = preSolution
		Debug|Any CPU = Debug|Any CPU
		Release|Any CPU = Release|Any CPU
	EndGlobalSection
	GlobalSection(ProjectConfigurationPlatforms) = postSolution
		{82AC2F87-57C1-40A9-8D2A-EE5039A296DA}.Debug|Any CPU.ActiveCfg = Debug|Any CPU
		{82AC2F87-57C1-40A9-8D2A-EE5039A296DA}.Debug|Any CPU.Build.0 = Debug|Any CPU
		{82AC2F87-57C1-40A9-8D2A-EE5039A296DA}.Release|Any CPU.ActiveCfg = Release|Any CPU
		{82AC2F87-57C1-40A9-8D2A-EE5039A296DA}.Release|Any CPU.Build.0 = Release|Any CPU
	EndGlobalSection
	GlobalSection(SolutionProperties) = preSolution
		HideSolutionNode = FALSE
	EndGlobalSection
	GlobalSection(ExtensibilityGlobals) = postSolution
		SolutionGuid = {B6901695-229C-4BC1-98D6-4BD587F3D898}
	EndGlobalSection
EndGlobal
